
Microsoft Visual Studio Solution File, Format Version 12.00
# Visual Studio 15
VisualStudioVersion = 15.0.28307.271
MinimumVisualStudioVersion = 10.0.40219.1
Project("{FAE04EC0-301F-11D3-BF4B-00C04F79EFBC}") = "Swagger_Basic_Demo_Jecaestevez", "Swagger_Basic_Demo_Jecaestevez\Swagger_Basic_Demo_Jecaestevez.csproj", "{87B87513-6FAD-43C0-AF7F-7E7803EA5ED7}"
EndProject
Global
	GlobalSection(SolutionConfigurationPlatforms) = preSolution
		Debug|Any CPU = Debug|Any CPU
		Release|Any CPU = Release|Any CPU
	EndGlobalSection
	GlobalSection(ProjectConfigurationPlatforms) = postSolution
		{87B87513-6FAD-43C0-AF7F-7E7803EA5ED7}.Debug|Any CPU.ActiveCfg = Debug|Any CPU
		{87B87513-6FAD-43C0-AF7F-7E7803EA5ED7}.Debug|Any CPU.Build.0 = Debug|Any CPU
		{87B87513-6FAD-43C0-AF7F-7E7803EA5ED7}.Release|Any CPU.ActiveCfg = Release|Any CPU
		{87B87513-6FAD-43C0-AF7F-7E7803EA5ED7}.Release|Any CPU.Build.0 = Release|Any CPU
	EndGlobalSection
	GlobalSection(SolutionProperties) = preSolution
		HideSolutionNode = FALSE
	EndGlobalSection
	GlobalSection(ExtensibilityGlobals) = postSolution
		SolutionGuid = {6B95C1E3-72C8-476C-8EE0-0E0FF25F90A0}
	EndGlobalSection
EndGlobal
